
Microsoft Visual Studio Solution File, Format Version 12.00
# Visual Studio 15
VisualStudioVersion = 15.0.27004.2010
MinimumVisualStudioVersion = 10.0.40219.1
Project("{FAE04EC0-301F-11D3-BF4B-00C04F79EFBC}") = "OhmPcApi", "OhmPcApi\OhmPcApi.csproj", "{90CC2199-F375-48F9-A87E-4C0539AC1D25}"
EndProject
Global
	GlobalSection(SolutionConfigurationPlatforms) = preSolution
		Debug|Any CPU = Debug|Any CPU
		Release|Any CPU = Release|Any CPU
	EndGlobalSection
	GlobalSection(ProjectConfigurationPlatforms) = postSolution
		{90CC2199-F375-48F9-A87E-4C0539AC1D25}.Debug|Any CPU.ActiveCfg = Debug|Any CPU
		{90CC2199-F375-48F9-A87E-4C0539AC1D25}.Debug|Any CPU.Build.0 = Debug|Any CPU
		{90CC2199-F375-48F9-A87E-4C0539AC1D25}.Release|Any CPU.ActiveCfg = Release|Any CPU
		{90CC2199-F375-48F9-A87E-4C0539AC1D25}.Release|Any CPU.Build.0 = Release|Any CPU
	EndGlobalSection
	GlobalSection(SolutionProperties) = preSolution
		HideSolutionNode = FALSE
	EndGlobalSection
	GlobalSection(ExtensibilityGlobals) = postSolution
		SolutionGuid = {DAE2047D-5AAB-40C8-85F1-B47C264EFFB9}
	EndGlobalSection
EndGlobal
